
Microsoft Visual Studio Solution File, Format Version 12.00
# Visual Studio Version 17
VisualStudioVersion = 17.13.35818.85 d17.13
MinimumVisualStudioVersion = 10.0.40219.1
Project("{FAE04EC0-301F-11D3-BF4B-00C04F79EFBC}") = "Plymorphism", "Plymorphism\Plymorphism.csproj", "{AC9B34BE-01C3-42E1-A59D-5248D1EE8636}"
EndProject
Project("{FAE04EC0-301F-11D3-BF4B-00C04F79EFBC}") = "Polymorphism.Domain", "Polymorphism.Domain\Polymorphism.Domain.csproj", "{A32DA2BF-11C5-4AEE-A812-196AF756948E}"
EndProject
Project("{FAE04EC0-301F-11D3-BF4B-00C04F79EFBC}") = "Generics", "Generics\Generics.csproj", "{6C90392C-FB80-467E-8D7A-3E0EEDAE1564}"
EndProject
Project("{FAE04EC0-301F-11D3-BF4B-00C04F79EFBC}") = "Generics.Doman", "Generics.Doman\Generics.Doman.csproj", "{44CF543C-33A6-476D-81E3-BFF573E2BE7D}"
EndProject
Global
	GlobalSection(SolutionConfigurationPlatforms) = preSolution
		Debug|Any CPU = Debug|Any CPU
		Release|Any CPU = Release|Any CPU
	EndGlobalSection
	GlobalSection(ProjectConfigurationPlatforms) = postSolution
		{AC9B34BE-01C3-42E1-A59D-5248D1EE8636}.Debug|Any CPU.ActiveCfg = Debug|Any CPU
		{AC9B34BE-01C3-42E1-A59D-5248D1EE8636}.Debug|Any CPU.Build.0 = Debug|Any CPU
		{AC9B34BE-01C3-42E1-A59D-5248D1EE8636}.Release|Any CPU.ActiveCfg = Release|Any CPU
		{AC9B34BE-01C3-42E1-A59D-5248D1EE8636}.Release|Any CPU.Build.0 = Release|Any CPU
		{A32DA2BF-11C5-4AEE-A812-196AF756948E}.Debug|Any CPU.ActiveCfg = Debug|Any CPU
		{A32DA2BF-11C5-4AEE-A812-196AF756948E}.Debug|Any CPU.Build.0 = Debug|Any CPU
		{A32DA2BF-11C5-4AEE-A812-196AF756948E}.Release|Any CPU.ActiveCfg = Release|Any CPU
		{A32DA2BF-11C5-4AEE-A812-196AF756948E}.Release|Any CPU.Build.0 = Release|Any CPU
		{6C90392C-FB80-467E-8D7A-3E0EEDAE1564}.Debug|Any CPU.ActiveCfg = Debug|Any CPU
		{6C90392C-FB80-467E-8D7A-3E0EEDAE1564}.Debug|Any CPU.Build.0 = Debug|Any CPU
		{6C90392C-FB80-467E-8D7A-3E0EEDAE1564}.Release|Any CPU.ActiveCfg = Release|Any CPU
		{6C90392C-FB80-467E-8D7A-3E0EEDAE1564}.Release|Any CPU.Build.0 = Release|Any CPU
		{44CF543C-33A6-476D-81E3-BFF573E2BE7D}.Debug|Any CPU.ActiveCfg = Debug|Any CPU
		{44CF543C-33A6-476D-81E3-BFF573E2BE7D}.Debug|Any CPU.Build.0 = Debug|Any CPU
		{44CF543C-33A6-476D-81E3-BFF573E2BE7D}.Release|Any CPU.ActiveCfg = Release|Any CPU
		{44CF543C-33A6-476D-81E3-BFF573E2BE7D}.Release|Any CPU.Build.0 = Release|Any CPU
	EndGlobalSection
	GlobalSection(SolutionProperties) = preSolution
		HideSolutionNode = FALSE
	EndGlobalSection
	GlobalSection(ExtensibilityGlobals) = postSolution
		SolutionGuid = {280C0027-7BBA-4191-B704-A23DD7FF1F26}
	EndGlobalSection
EndGlobal
