
Microsoft Visual Studio Solution File, Format Version 12.00
# Visual Studio Version 17
VisualStudioVersion = 17.13.35818.85 d17.13
MinimumVisualStudioVersion = 10.0.40219.1
Project("{FAE04EC0-301F-11D3-BF4B-00C04F79EFBC}") = "WorkingWithFileSystem", "WorkingWithFileSystem\WorkingWithFileSystem.csproj", "{CA265AF4-1EA8-400D-A3C2-2807F9060925}"
EndProject
Project("{FAE04EC0-301F-11D3-BF4B-00C04F79EFBC}") = "WorkinWithStreams", "WorkinWithStreams\WorkinWithStreams.csproj", "{F9F5F46F-419B-4BB2-AABF-B5320FFB806D}"
EndProject
Global
	GlobalSection(SolutionConfigurationPlatforms) = preSolution
		Debug|Any CPU = Debug|Any CPU
		Release|Any CPU = Release|Any CPU
	EndGlobalSection
	GlobalSection(ProjectConfigurationPlatforms) = postSolution
		{CA265AF4-1EA8-400D-A3C2-2807F9060925}.Debug|Any CPU.ActiveCfg = Debug|Any CPU
		{CA265AF4-1EA8-400D-A3C2-2807F9060925}.Debug|Any CPU.Build.0 = Debug|Any CPU
		{CA265AF4-1EA8-400D-A3C2-2807F9060925}.Release|Any CPU.ActiveCfg = Release|Any CPU
		{CA265AF4-1EA8-400D-A3C2-2807F9060925}.Release|Any CPU.Build.0 = Release|Any CPU
		{F9F5F46F-419B-4BB2-AABF-B5320FFB806D}.Debug|Any CPU.ActiveCfg = Debug|Any CPU
		{F9F5F46F-419B-4BB2-AABF-B5320FFB806D}.Debug|Any CPU.Build.0 = Debug|Any CPU
		{F9F5F46F-419B-4BB2-AABF-B5320FFB806D}.Release|Any CPU.ActiveCfg = Release|Any CPU
		{F9F5F46F-419B-4BB2-AABF-B5320FFB806D}.Release|Any CPU.Build.0 = Release|Any CPU
	EndGlobalSection
	GlobalSection(SolutionProperties) = preSolution
		HideSolutionNode = FALSE
	EndGlobalSection
	GlobalSection(ExtensibilityGlobals) = postSolution
		SolutionGuid = {1E84ECE5-600B-4B1D-A009-C6F950E167BB}
	EndGlobalSection
EndGlobal
