
Microsoft Visual Studio Solution File, Format Version 12.00
# Visual Studio Version 17
VisualStudioVersion = 17.13.35818.85
MinimumVisualStudioVersion = 10.0.40219.1
Project("{FAE04EC0-301F-11D3-BF4B-00C04F79EFBC}") = "AnonymousMethods", "AnonymousMethods\AnonymousMethods.csproj", "{6B2B3F07-CED4-4597-A09C-29F70214F20E}"
EndProject
Project("{FAE04EC0-301F-11D3-BF4B-00C04F79EFBC}") = "AdvancedLINQ.Domain", "AdvancedLINQ.Domain\AdvancedLINQ.Domain.csproj", "{E1FE5F04-4E3C-417A-8A79-545AB81D7B54}"
EndProject
Global
	GlobalSection(SolutionConfigurationPlatforms) = preSolution
		Debug|Any CPU = Debug|Any CPU
		Release|Any CPU = Release|Any CPU
	EndGlobalSection
	GlobalSection(ProjectConfigurationPlatforms) = postSolution
		{6B2B3F07-CED4-4597-A09C-29F70214F20E}.Debug|Any CPU.ActiveCfg = Debug|Any CPU
		{6B2B3F07-CED4-4597-A09C-29F70214F20E}.Debug|Any CPU.Build.0 = Debug|Any CPU
		{6B2B3F07-CED4-4597-A09C-29F70214F20E}.Release|Any CPU.ActiveCfg = Release|Any CPU
		{6B2B3F07-CED4-4597-A09C-29F70214F20E}.Release|Any CPU.Build.0 = Release|Any CPU
		{E1FE5F04-4E3C-417A-8A79-545AB81D7B54}.Debug|Any CPU.ActiveCfg = Debug|Any CPU
		{E1FE5F04-4E3C-417A-8A79-545AB81D7B54}.Debug|Any CPU.Build.0 = Debug|Any CPU
		{E1FE5F04-4E3C-417A-8A79-545AB81D7B54}.Release|Any CPU.ActiveCfg = Release|Any CPU
		{E1FE5F04-4E3C-417A-8A79-545AB81D7B54}.Release|Any CPU.Build.0 = Release|Any CPU
	EndGlobalSection
	GlobalSection(SolutionProperties) = preSolution
		HideSolutionNode = FALSE
	EndGlobalSection
	GlobalSection(ExtensibilityGlobals) = postSolution
		SolutionGuid = {7A9CE235-9277-4CF5-99CC-B096D30FA81C}
	EndGlobalSection
EndGlobal
