
Microsoft Visual Studio Solution File, Format Version 12.00
# Visual Studio Version 17
VisualStudioVersion = 17.13.35818.85 d17.13
MinimumVisualStudioVersion = 10.0.40219.1
Project("{FAE04EC0-301F-11D3-BF4B-00C04F79EFBC}") = "MoviesApp", "MoviesApp\MoviesApp.csproj", "{F6110E54-A5C2-4BC4-9F15-95C32D1E6CEF}"
EndProject
Project("{FAE04EC0-301F-11D3-BF4B-00C04F79EFBC}") = "MoviesApp.Domain", "MoviesApp.Domain\MoviesApp.Domain.csproj", "{C6226CB5-A9FA-493B-B2F4-3CA72F208757}"
EndProject
Project("{FAE04EC0-301F-11D3-BF4B-00C04F79EFBC}") = "AcademyManagement", "AcademyManagement\AcademyManagement.csproj", "{8637B874-1720-45FF-8D6F-D698E72461CD}"
EndProject
Project("{FAE04EC0-301F-11D3-BF4B-00C04F79EFBC}") = "AcademyManagement.Domain", "AcademyManagement.Domain\AcademyManagement.Domain.csproj", "{B2934142-F96A-4576-8AE9-151C54475FCA}"
EndProject
Global
	GlobalSection(SolutionConfigurationPlatforms) = preSolution
		Debug|Any CPU = Debug|Any CPU
		Release|Any CPU = Release|Any CPU
	EndGlobalSection
	GlobalSection(ProjectConfigurationPlatforms) = postSolution
		{F6110E54-A5C2-4BC4-9F15-95C32D1E6CEF}.Debug|Any CPU.ActiveCfg = Debug|Any CPU
		{F6110E54-A5C2-4BC4-9F15-95C32D1E6CEF}.Debug|Any CPU.Build.0 = Debug|Any CPU
		{F6110E54-A5C2-4BC4-9F15-95C32D1E6CEF}.Release|Any CPU.ActiveCfg = Release|Any CPU
		{F6110E54-A5C2-4BC4-9F15-95C32D1E6CEF}.Release|Any CPU.Build.0 = Release|Any CPU
		{C6226CB5-A9FA-493B-B2F4-3CA72F208757}.Debug|Any CPU.ActiveCfg = Debug|Any CPU
		{C6226CB5-A9FA-493B-B2F4-3CA72F208757}.Debug|Any CPU.Build.0 = Debug|Any CPU
		{C6226CB5-A9FA-493B-B2F4-3CA72F208757}.Release|Any CPU.ActiveCfg = Release|Any CPU
		{C6226CB5-A9FA-493B-B2F4-3CA72F208757}.Release|Any CPU.Build.0 = Release|Any CPU
		{8637B874-1720-45FF-8D6F-D698E72461CD}.Debug|Any CPU.ActiveCfg = Debug|Any CPU
		{8637B874-1720-45FF-8D6F-D698E72461CD}.Debug|Any CPU.Build.0 = Debug|Any CPU
		{8637B874-1720-45FF-8D6F-D698E72461CD}.Release|Any CPU.ActiveCfg = Release|Any CPU
		{8637B874-1720-45FF-8D6F-D698E72461CD}.Release|Any CPU.Build.0 = Release|Any CPU
		{B2934142-F96A-4576-8AE9-151C54475FCA}.Debug|Any CPU.ActiveCfg = Debug|Any CPU
		{B2934142-F96A-4576-8AE9-151C54475FCA}.Debug|Any CPU.Build.0 = Debug|Any CPU
		{B2934142-F96A-4576-8AE9-151C54475FCA}.Release|Any CPU.ActiveCfg = Release|Any CPU
		{B2934142-F96A-4576-8AE9-151C54475FCA}.Release|Any CPU.Build.0 = Release|Any CPU
	EndGlobalSection
	GlobalSection(SolutionProperties) = preSolution
		HideSolutionNode = FALSE
	EndGlobalSection
	GlobalSection(ExtensibilityGlobals) = postSolution
		SolutionGuid = {53ABDF6F-A736-43BF-AC75-DB45FFFB9FD9}
	EndGlobalSection
EndGlobal
