
Microsoft Visual Studio Solution File, Format Version 12.00
# Visual Studio Version 17
VisualStudioVersion = 17.14.36327.8 d17.14
MinimumVisualStudioVersion = 10.0.40219.1
Project("{FAE04EC0-301F-11D3-BF4B-00C04F79EFBC}") = "VideoRentalOnlineStore", "VideoRentalOnlineStore\VideoRentalOnlineStore.csproj", "{95B47135-F301-4569-B063-98CDD57C2332}"
EndProject
Global
	GlobalSection(SolutionConfigurationPlatforms) = preSolution
		Debug|Any CPU = Debug|Any CPU
		Release|Any CPU = Release|Any CPU
	EndGlobalSection
	GlobalSection(ProjectConfigurationPlatforms) = postSolution
		{95B47135-F301-4569-B063-98CDD57C2332}.Debug|Any CPU.ActiveCfg = Debug|Any CPU
		{95B47135-F301-4569-B063-98CDD57C2332}.Debug|Any CPU.Build.0 = Debug|Any CPU
		{95B47135-F301-4569-B063-98CDD57C2332}.Release|Any CPU.ActiveCfg = Release|Any CPU
		{95B47135-F301-4569-B063-98CDD57C2332}.Release|Any CPU.Build.0 = Release|Any CPU
	EndGlobalSection
	GlobalSection(SolutionProperties) = preSolution
		HideSolutionNode = FALSE
	EndGlobalSection
	GlobalSection(ExtensibilityGlobals) = postSolution
		SolutionGuid = {B26CB1B0-E25B-4778-AD02-12F5FA77426E}
	EndGlobalSection
EndGlobal
