
Microsoft Visual Studio Solution File, Format Version 12.00
# Visual Studio Version 17
VisualStudioVersion = 17.14.36414.22
MinimumVisualStudioVersion = 10.0.40219.1
Project("{FAE04EC0-301F-11D3-BF4B-00C04F79EFBC}") = "NotesApp", "NotesApp\NotesApp.csproj", "{F540B7FF-2CDF-4F95-8EA6-50D2101C2872}"
	ProjectSection(ProjectDependencies) = postProject
		{3195DE5B-8DB5-4AB9-AD00-6A504F084A97} = {3195DE5B-8DB5-4AB9-AD00-6A504F084A97}
	EndProjectSection
EndProject
Project("{FAE04EC0-301F-11D3-BF4B-00C04F79EFBC}") = "NotesApp.Domain", "NotesApp.Domain\NotesApp.Domain.csproj", "{3334FCB1-27BB-44C2-AEFF-503A7CE74912}"
EndProject
Project("{FAE04EC0-301F-11D3-BF4B-00C04F79EFBC}") = "NotesApp.Helpers", "NotesApp.Helpers\NotesApp.Helpers.csproj", "{3195DE5B-8DB5-4AB9-AD00-6A504F084A97}"
	ProjectSection(ProjectDependencies) = postProject
		{6D19AE3A-658E-499E-948B-0DB5BD19390B} = {6D19AE3A-658E-499E-948B-0DB5BD19390B}
	EndProjectSection
EndProject
Project("{FAE04EC0-301F-11D3-BF4B-00C04F79EFBC}") = "NotesApp.DataAccess", "NotesApp.DataAccess\NotesApp.DataAccess.csproj", "{6D19AE3A-658E-499E-948B-0DB5BD19390B}"
EndProject
Project("{FAE04EC0-301F-11D3-BF4B-00C04F79EFBC}") = "NotesApp.Services", "NotesApp.Services\NotesApp.Services.csproj", "{E3D53AF6-3F40-4B52-B288-C9BDC9F171D5}"
EndProject
Project("{FAE04EC0-301F-11D3-BF4B-00C04F79EFBC}") = "NotesApp.DTOs", "NotesApp.DTOs\NotesApp.DTOs.csproj", "{36B4470F-6B9F-41E1-ACF4-D54C6D6A6683}"
EndProject
Project("{FAE04EC0-301F-11D3-BF4B-00C04F79EFBC}") = "NotesApp.Mappers", "NotesApp.Mappers\NotesApp.Mappers.csproj", "{A0344846-583F-49BB-9B50-E5E6FCCC7EEC}"
EndProject
Global
	GlobalSection(SolutionConfigurationPlatforms) = preSolution
		Debug|Any CPU = Debug|Any CPU
		Release|Any CPU = Release|Any CPU
	EndGlobalSection
	GlobalSection(ProjectConfigurationPlatforms) = postSolution
		{F540B7FF-2CDF-4F95-8EA6-50D2101C2872}.Debug|Any CPU.ActiveCfg = Debug|Any CPU
		{F540B7FF-2CDF-4F95-8EA6-50D2101C2872}.Debug|Any CPU.Build.0 = Debug|Any CPU
		{F540B7FF-2CDF-4F95-8EA6-50D2101C2872}.Release|Any CPU.ActiveCfg = Release|Any CPU
		{F540B7FF-2CDF-4F95-8EA6-50D2101C2872}.Release|Any CPU.Build.0 = Release|Any CPU
		{3334FCB1-27BB-44C2-AEFF-503A7CE74912}.Debug|Any CPU.ActiveCfg = Debug|Any CPU
		{3334FCB1-27BB-44C2-AEFF-503A7CE74912}.Debug|Any CPU.Build.0 = Debug|Any CPU
		{3334FCB1-27BB-44C2-AEFF-503A7CE74912}.Release|Any CPU.ActiveCfg = Release|Any CPU
		{3334FCB1-27BB-44C2-AEFF-503A7CE74912}.Release|Any CPU.Build.0 = Release|Any CPU
		{3195DE5B-8DB5-4AB9-AD00-6A504F084A97}.Debug|Any CPU.ActiveCfg = Debug|Any CPU
		{3195DE5B-8DB5-4AB9-AD00-6A504F084A97}.Debug|Any CPU.Build.0 = Debug|Any CPU
		{3195DE5B-8DB5-4AB9-AD00-6A504F084A97}.Release|Any CPU.ActiveCfg = Release|Any CPU
		{3195DE5B-8DB5-4AB9-AD00-6A504F084A97}.Release|Any CPU.Build.0 = Release|Any CPU
		{6D19AE3A-658E-499E-948B-0DB5BD19390B}.Debug|Any CPU.ActiveCfg = Debug|Any CPU
		{6D19AE3A-658E-499E-948B-0DB5BD19390B}.Debug|Any CPU.Build.0 = Debug|Any CPU
		{6D19AE3A-658E-499E-948B-0DB5BD19390B}.Release|Any CPU.ActiveCfg = Release|Any CPU
		{6D19AE3A-658E-499E-948B-0DB5BD19390B}.Release|Any CPU.Build.0 = Release|Any CPU
		{E3D53AF6-3F40-4B52-B288-C9BDC9F171D5}.Debug|Any CPU.ActiveCfg = Debug|Any CPU
		{E3D53AF6-3F40-4B52-B288-C9BDC9F171D5}.Debug|Any CPU.Build.0 = Debug|Any CPU
		{E3D53AF6-3F40-4B52-B288-C9BDC9F171D5}.Release|Any CPU.ActiveCfg = Release|Any CPU
		{E3D53AF6-3F40-4B52-B288-C9BDC9F171D5}.Release|Any CPU.Build.0 = Release|Any CPU
		{36B4470F-6B9F-41E1-ACF4-D54C6D6A6683}.Debug|Any CPU.ActiveCfg = Debug|Any CPU
		{36B4470F-6B9F-41E1-ACF4-D54C6D6A6683}.Debug|Any CPU.Build.0 = Debug|Any CPU
		{36B4470F-6B9F-41E1-ACF4-D54C6D6A6683}.Release|Any CPU.ActiveCfg = Release|Any CPU
		{36B4470F-6B9F-41E1-ACF4-D54C6D6A6683}.Release|Any CPU.Build.0 = Release|Any CPU
		{A0344846-583F-49BB-9B50-E5E6FCCC7EEC}.Debug|Any CPU.ActiveCfg = Debug|Any CPU
		{A0344846-583F-49BB-9B50-E5E6FCCC7EEC}.Debug|Any CPU.Build.0 = Debug|Any CPU
		{A0344846-583F-49BB-9B50-E5E6FCCC7EEC}.Release|Any CPU.ActiveCfg = Release|Any CPU
		{A0344846-583F-49BB-9B50-E5E6FCCC7EEC}.Release|Any CPU.Build.0 = Release|Any CPU
	EndGlobalSection
	GlobalSection(SolutionProperties) = preSolution
		HideSolutionNode = FALSE
	EndGlobalSection
	GlobalSection(ExtensibilityGlobals) = postSolution
		SolutionGuid = {22FF830B-3D89-4947-B062-353773F24793}
	EndGlobalSection
EndGlobal
