
Microsoft Visual Studio Solution File, Format Version 12.00
# Visual Studio Version 17
VisualStudioVersion = 17.13.35818.85 d17.13
MinimumVisualStudioVersion = 10.0.40219.1
Project("{FAE04EC0-301F-11D3-BF4B-00C04F79EFBC}") = "ToDoApp", "ToDoApp\ToDoApp.csproj", "{324FA0A9-C706-4CB8-A7B5-E49CAF1C17B5}"
EndProject
Project("{FAE04EC0-301F-11D3-BF4B-00C04F79EFBC}") = "ToDoApp.Domain", "ToDoApp.Domain\ToDoApp.Domain.csproj", "{B5F19D85-767C-4D54-AC96-6FB2FCF8148C}"
EndProject
Project("{FAE04EC0-301F-11D3-BF4B-00C04F79EFBC}") = "ToDoApp.DataAccess", "ToDoApp.DataAccess\ToDoApp.DataAccess.csproj", "{8E4868D8-4BC3-4200-A298-F86CA32474C9}"
EndProject
Project("{FAE04EC0-301F-11D3-BF4B-00C04F79EFBC}") = "ToDoApp.Services", "ToDoApp.Services\ToDoApp.Services.csproj", "{A2CEC322-B893-40D4-B74B-EE8A5B9F60A1}"
EndProject
Project("{FAE04EC0-301F-11D3-BF4B-00C04F79EFBC}") = "ToDoApp.Models", "ToDOApp.Models\ToDoApp.Models.csproj", "{7BA926C7-514F-4A4B-A9EE-E7F252EA97E2}"
EndProject
Global
	GlobalSection(SolutionConfigurationPlatforms) = preSolution
		Debug|Any CPU = Debug|Any CPU
		Release|Any CPU = Release|Any CPU
	EndGlobalSection
	GlobalSection(ProjectConfigurationPlatforms) = postSolution
		{324FA0A9-C706-4CB8-A7B5-E49CAF1C17B5}.Debug|Any CPU.ActiveCfg = Debug|Any CPU
		{324FA0A9-C706-4CB8-A7B5-E49CAF1C17B5}.Debug|Any CPU.Build.0 = Debug|Any CPU
		{324FA0A9-C706-4CB8-A7B5-E49CAF1C17B5}.Release|Any CPU.ActiveCfg = Release|Any CPU
		{324FA0A9-C706-4CB8-A7B5-E49CAF1C17B5}.Release|Any CPU.Build.0 = Release|Any CPU
		{B5F19D85-767C-4D54-AC96-6FB2FCF8148C}.Debug|Any CPU.ActiveCfg = Debug|Any CPU
		{B5F19D85-767C-4D54-AC96-6FB2FCF8148C}.Debug|Any CPU.Build.0 = Debug|Any CPU
		{B5F19D85-767C-4D54-AC96-6FB2FCF8148C}.Release|Any CPU.ActiveCfg = Release|Any CPU
		{B5F19D85-767C-4D54-AC96-6FB2FCF8148C}.Release|Any CPU.Build.0 = Release|Any CPU
		{8E4868D8-4BC3-4200-A298-F86CA32474C9}.Debug|Any CPU.ActiveCfg = Debug|Any CPU
		{8E4868D8-4BC3-4200-A298-F86CA32474C9}.Debug|Any CPU.Build.0 = Debug|Any CPU
		{8E4868D8-4BC3-4200-A298-F86CA32474C9}.Release|Any CPU.ActiveCfg = Release|Any CPU
		{8E4868D8-4BC3-4200-A298-F86CA32474C9}.Release|Any CPU.Build.0 = Release|Any CPU
		{A2CEC322-B893-40D4-B74B-EE8A5B9F60A1}.Debug|Any CPU.ActiveCfg = Debug|Any CPU
		{A2CEC322-B893-40D4-B74B-EE8A5B9F60A1}.Debug|Any CPU.Build.0 = Debug|Any CPU
		{A2CEC322-B893-40D4-B74B-EE8A5B9F60A1}.Release|Any CPU.ActiveCfg = Release|Any CPU
		{A2CEC322-B893-40D4-B74B-EE8A5B9F60A1}.Release|Any CPU.Build.0 = Release|Any CPU
		{7BA926C7-514F-4A4B-A9EE-E7F252EA97E2}.Debug|Any CPU.ActiveCfg = Debug|Any CPU
		{7BA926C7-514F-4A4B-A9EE-E7F252EA97E2}.Debug|Any CPU.Build.0 = Debug|Any CPU
		{7BA926C7-514F-4A4B-A9EE-E7F252EA97E2}.Release|Any CPU.ActiveCfg = Release|Any CPU
		{7BA926C7-514F-4A4B-A9EE-E7F252EA97E2}.Release|Any CPU.Build.0 = Release|Any CPU
	EndGlobalSection
	GlobalSection(SolutionProperties) = preSolution
		HideSolutionNode = FALSE
	EndGlobalSection
	GlobalSection(ExtensibilityGlobals) = postSolution
		SolutionGuid = {B9C4AC94-4688-449A-AA4D-CA653AB25CCA}
	EndGlobalSection
EndGlobal
